// !$*UTF8*$!
{
	archiveVersion = 1;
	classes = {
	};
	objectVersion = 50;
	objects = {

/* Begin PBXBuildFile section */
		8F13BB71213D68D7009DB511 /* AppDelegate.swift in Sources */ = {isa = PBXBuildFile; fileRef = 8F13BB70213D68D7009DB511 /* AppDelegate.swift */; };
		8F13BB73213D68D7009DB511 /* ViewController.swift in Sources */ = {isa = PBXBuildFile; fileRef = 8F13BB72213D68D7009DB511 /* ViewController.swift */; };
		8F13BB76213D68D7009DB511 /* Main.storyboard in Resources */ = {isa = PBXBuildFile; fileRef = 8F13BB74213D68D7009DB511 /* Main.storyboard */; };
		8F13BB78213D68D9009DB511 /* Assets.xcassets in Resources */ = {isa = PBXBuildFile; fileRef = 8F13BB77213D68D9009DB511 /* Assets.xcassets */; };
		8F13BB7B213D68D9009DB511 /* LaunchScreen.storyboard in Resources */ = {isa = PBXBuildFile; fileRef = 8F13BB79213D68D9009DB511 /* LaunchScreen.storyboard */; };
		8F13BB96213D6E13009DB511 /* IasonmCocoapod2.framework in Frameworks */ = {isa = PBXBuildFile; fileRef = 8F13BB95213D6E13009DB511 /* IasonmCocoapod2.framework */; };
		8F13BB97213D6E13009DB511 /* IasonmCocoapod2.framework in Embed Frameworks */ = {isa = PBXBuildFile; fileRef = 8F13BB95213D6E13009DB511 /* IasonmCocoapod2.framework */; settings = {ATTRIBUTES = (CodeSignOnCopy, RemoveHeadersOnCopy, ); }; };
/* End PBXBuildFile section */

/* Begin PBXCopyFilesBuildPhase section */
		8F13BB8A213D6A12009DB511 /* Embed Frameworks */ = {
			isa = PBXCopyFilesBuildPhase;
			buildActionMask = 2147483647;
			dstPath = "";
			dstSubfolderSpec = 10;
			files = (
				8F13BB97213D6E13009DB511 /* IasonmCocoapod2.framework in Embed Frameworks */,
			);
			name = "Embed Frameworks";
			runOnlyForDeploymentPostprocessing = 0;
		};
/* End PBXCopyFilesBuildPhase section */

/* Begin PBXFileReference section */
		8F13BB6D213D68D7009DB511 /* TestIasonmCocoapod2.app */ = {isa = PBXFileReference; explicitFileType = wrapper.application; includeInIndex = 0; path = TestIasonmCocoapod2.app; sourceTree = BUILT_PRODUCTS_DIR; };
		8F13BB70213D68D7009DB511 /* AppDelegate.swift */ = {isa = PBXFileReference; lastKnownFileType = sourcecode.swift; path = AppDelegate.swift; sourceTree = "<group>"; };
		8F13BB72213D68D7009DB511 /* ViewController.swift */ = {isa = PBXFileReference; lastKnownFileType = sourcecode.swift; path = ViewController.swift; sourceTree = "<group>"; };
		8F13BB75213D68D7009DB511 /* Base */ = {isa = PBXFileReference; lastKnownFileType = file.storyboard; name = Base; path = Base.lproj/Main.storyboard; sourceTree = "<group>"; };
		8F13BB77213D68D9009DB511 /* Assets.xcassets */ = {isa = PBXFileReference; lastKnownFileType = folder.assetcatalog; path = Assets.xcassets; sourceTree = "<group>"; };
		8F13BB7A213D68D9009DB511 /* Base */ = {isa = PBXFileReference; lastKnownFileType = file.storyboard; name = Base; path = Base.lproj/LaunchScreen.storyboard; sourceTree = "<group>"; };
		8F13BB7C213D68D9009DB511 /* Info.plist */ = {isa = PBXFileReference; lastKnownFileType = text.plist.xml; path = Info.plist; sourceTree = "<group>"; };
		8F13BB95213D6E13009DB511 /* IasonmCocoapod2.framework */ = {isa = PBXFileReference; lastKnownFileType = wrapper.framework; path = IasonmCocoapod2.framework; sourceTree = "<group>"; };
/* End PBXFileReference section */

/* Begin PBXFrameworksBuildPhase section */
		8F13BB6A213D68D7009DB511 /* Frameworks */ = {
			isa = PBXFrameworksBuildPhase;
			buildActionMask = 2147483647;
			files = (
				8F13BB96213D6E13009DB511 /* IasonmCocoapod2.framework in Frameworks */,
			);
			runOnlyForDeploymentPostprocessing = 0;
		};
/* End PBXFrameworksBuildPhase section */

/* Begin PBXGroup section */
		8F13BB64213D68D7009DB511 = {
			isa = PBXGroup;
			children = (
				8F13BB95213D6E13009DB511 /* IasonmCocoapod2.framework */,
				8F13BB6F213D68D7009DB511 /* TestIasonmCocoapod2 */,
				8F13BB6E213D68D7009DB511 /* Products */,
				8F13BB86213D69F2009DB511 /* Frameworks */,
			);
			sourceTree = "<group>";
		};
		8F13BB6E213D68D7009DB511 /* Products */ = {
			isa = PBXGroup;
			children = (
				8F13BB6D213D68D7009DB511 /* TestIasonmCocoapod2.app */,
			);
			name = Products;
			sourceTree = "<group>";
		};
		8F13BB6F213D68D7009DB511 /* TestIasonmCocoapod2 */ = {
			isa = PBXGroup;
			children = (
				8F13BB70213D68D7009DB511 /* AppDelegate.swift */,
				8F13BB72213D68D7009DB511 /* ViewController.swift */,
				8F13BB74213D68D7009DB511 /* Main.storyboard */,
				8F13BB77213D68D9009DB511 /* Assets.xcassets */,
				8F13BB79213D68D9009DB511 /* LaunchScreen.storyboard */,
				8F13BB7C213D68D9009DB511 /* Info.plist */,
			);
			path = TestIasonmCocoapod2;
			sourceTree = "<group>";
		};
		8F13BB86213D69F2009DB511 /* Frameworks */ = {
			isa = PBXGroup;
			children = (
			);
			name = Frameworks;
			sourceTree = "<group>";
		};
/* End PBXGroup section */

/* Begin PBXNativeTarget section */
		8F13BB6C213D68D7009DB511 /* TestIasonmCocoapod2 */ = {
			isa = PBXNativeTarget;
			buildConfigurationList = 8F13BB7F213D68D9009DB511 /* Build configuration list for PBXNativeTarget "TestIasonmCocoapod2" */;
			buildPhases = (
				8F13BB69213D68D7009DB511 /* Sources */,
				8F13BB6A213D68D7009DB511 /* Frameworks */,
				8F13BB6B213D68D7009DB511 /* Resources */,
				8F13BB8A213D6A12009DB511 /* Embed Frameworks */,
			);
			buildRules = (
			);
			dependencies = (
			);
			name = TestIasonmCocoapod2;
			productName = TestIasonmCocoapod2;
			productReference = 8F13BB6D213D68D7009DB511 /* TestIasonmCocoapod2.app */;
			productType = "com.apple.product-type.application";
		};
/* End PBXNativeTarget section */

/* Begin PBXProject section */
		8F13BB65213D68D7009DB511 /* Project object */ = {
			isa = PBXProject;
			attributes = {
				LastSwiftUpdateCheck = 0940;
				LastUpgradeCheck = 0940;
				ORGANIZATIONNAME = "Iason Michailidis";
				TargetAttributes = {
					8F13BB6C213D68D7009DB511 = {
						CreatedOnToolsVersion = 9.4.1;
					};
				};
			};
			buildConfigurationList = 8F13BB68213D68D7009DB511 /* Build configuration list for PBXProject "TestIasonmCocoapod2" */;
			compatibilityVersion = "Xcode 9.3";
			developmentRegion = en;
			hasScannedForEncodings = 0;
			knownRegions = (
				en,
				Base,
			);
			mainGroup = 8F13BB64213D68D7009DB511;
			productRefGroup = 8F13BB6E213D68D7009DB511 /* Products */;
			projectDirPath = "";
			projectRoot = "";
			targets = (
				8F13BB6C213D68D7009DB511 /* TestIasonmCocoapod2 */,
			);
		};
/* End PBXProject section */

/* Begin PBXResourcesBuildPhase section */
		8F13BB6B213D68D7009DB511 /* Resources */ = {
			isa = PBXResourcesBuildPhase;
			buildActionMask = 2147483647;
			files = (
				8F13BB7B213D68D9009DB511 /* LaunchScreen.storyboard in Resources */,
				8F13BB78213D68D9009DB511 /* Assets.xcassets in Resources */,
				8F13BB76213D68D7009DB511 /* Main.storyboard in Resources */,
			);
			runOnlyForDeploymentPostprocessing = 0;
		};
/* End PBXResourcesBuildPhase section */

/* Begin PBXSourcesBuildPhase section */
		8F13BB69213D68D7009DB511 /* Sources */ = {
			isa = PBXSourcesBuildPhase;
			buildActionMask = 2147483647;
			files = (
				8F13BB73213D68D7009DB511 /* ViewController.swift in Sources */,
				8F13BB71213D68D7009DB511 /* AppDelegate.swift in Sources */,
			);
			runOnlyForDeploymentPostprocessing = 0;
		};
/* End PBXSourcesBuildPhase section */

/* Begin PBXVariantGroup section */
		8F13BB74213D68D7009DB511 /* Main.storyboard */ = {
			isa = PBXVariantGroup;
			children = (
				8F13BB75213D68D7009DB511 /* Base */,
			);
			name = Main.storyboard;
			sourceTree = "<group>";
		};
		8F13BB79213D68D9009DB511 /* LaunchScreen.storyboard */ = {
			isa = PBXVariantGroup;
			children = (
				8F13BB7A213D68D9009DB511 /* Base */,
			);
			name = LaunchScreen.storyboard;
			sourceTree = "<group>";
		};
/* End PBXVariantGroup section */

/* Begin XCBuildConfiguration section */
		8F13BB7D213D68D9009DB511 /* Debug */ = {
			isa = XCBuildConfiguration;
			buildSettings = {
				ALWAYS_SEARCH_USER_PATHS = NO;
				CLANG_ANALYZER_NONNULL = YES;
				CLANG_ANALYZER_NUMBER_OBJECT_CONVERSION = YES_AGGRESSIVE;
				CLANG_CXX_LANGUAGE_STANDARD = "gnu++14";
				CLANG_CXX_LIBRARY = "libc++";
				CLANG_ENABLE_MODULES = YES;
				CLANG_ENABLE_OBJC_ARC = YES;
				CLANG_ENABLE_OBJC_WEAK = YES;
				CLANG_WARN_BLOCK_CAPTURE_AUTORELEASING = YES;
				CLANG_WARN_BOOL_CONVERSION = YES;
				CLANG_WARN_COMMA = YES;
				CLANG_WARN_CONSTANT_CONVERSION = YES;
				CLANG_WARN_DEPRECATED_OBJC_IMPLEMENTATIONS = YES;
				CLANG_WARN_DIRECT_OBJC_ISA_USAGE = YES_ERROR;
				CLANG_WARN_DOCUMENTATION_COMMENTS = YES;
				CLANG_WARN_EMPTY_BODY = YES;
				CLANG_WARN_ENUM_CONVERSION = YES;
				CLANG_WARN_INFINITE_RECURSION = YES;
				CLANG_WARN_INT_CONVERSION = YES;
				CLANG_WARN_NON_LITERAL_NULL_CONVERSION = YES;
				CLANG_WARN_OBJC_IMPLICIT_RETAIN_SELF = YES;
				CLANG_WARN_OBJC_LITERAL_CONVERSION = YES;
				CLANG_WARN_OBJC_ROOT_CLASS = YES_ERROR;
				CLANG_WARN_RANGE_LOOP_ANALYSIS = YES;
				CLANG_WARN_STRICT_PROTOTYPES = YES;
				CLANG_WARN_SUSPICIOUS_MOVE = YES;
				CLANG_WARN_UNGUARDED_AVAILABILITY = YES_AGGRESSIVE;
				CLANG_WARN_UNREACHABLE_CODE = YES;
				CLANG_WARN__DUPLICATE_METHOD_MATCH = YES;
				CODE_SIGN_IDENTITY = "iPhone Developer";
				COPY_PHASE_STRIP = NO;
				DEBUG_INFORMATION_FORMAT = dwarf;
				ENABLE_STRICT_OBJC_MSGSEND = YES;
				ENABLE_TESTABILITY = YES;
				GCC_C_LANGUAGE_STANDARD = gnu11;
				GCC_DYNAMIC_NO_PIC = NO;
				GCC_NO_COMMON_BLOCKS = YES;
				GCC_OPTIMIZATION_LEVEL = 0;
				GCC_PREPROCESSOR_DEFINITIONS = (
					"DEBUG=1",
					"$(inherited)",
				);
				GCC_WARN_64_TO_32_BIT_CONVERSION = YES;
				GCC_WARN_ABOUT_RETURN_TYPE = YES_ERROR;
				GCC_WARN_UNDECLARED_SELECTOR = YES;
				GCC_WARN_UNINITIALIZED_AUTOS = YES_AGGRESSIVE;
				GCC_WARN_UNUSED_FUNCTION = YES;
				GCC_WARN_UNUSED_VARIABLE = YES;
				IPHONEOS_DEPLOYMENT_TARGET = 11.4;
				MTL_ENABLE_DEBUG_INFO = YES;
				ONLY_ACTIVE_ARCH = YES;
				SDKROOT = iphoneos;
				SWIFT_ACTIVE_COMPILATION_CONDITIONS = DEBUG;
				SWIFT_OPTIMIZATION_LEVEL = "-Onone";
			};
			name = Debug;
		};
		8F13BB7E213D68D9009DB511 /* Release */ = {
			isa = XCBuildConfiguration;
			buildSettings = {
				ALWAYS_SEARCH_USER_PATHS = NO;
				CLANG_ANALYZER_NONNULL = YES;
				CLANG_ANALYZER_NUMBER_OBJECT_CONVERSION = YES_AGGRESSIVE;
				CLANG_CXX_LANGUAGE_STANDARD = "gnu++14";
				CLANG_CXX_LIBRARY = "libc++";
				CLANG_ENABLE_MODULES = YES;
				CLANG_ENABLE_OBJC_ARC = YES;
				CLANG_ENABLE_OBJC_WEAK = YES;
				CLANG_WARN_BLOCK_CAPTURE_AUTORELEASING = YES;
				CLANG_WARN_BOOL_CONVERSION = YES;
				CLANG_WARN_COMMA = YES;
				CLANG_WARN_CONSTANT_CONVERSION = YES;
				CLANG_WARN_DEPRECATED_OBJC_IMPLEMENTATIONS = YES;
				CLANG_WARN_DIRECT_OBJC_ISA_USAGE = YES_ERROR;
				CLANG_WARN_DOCUMENTATION_COMMENTS = YES;
				CLANG_WARN_EMPTY_BODY = YES;
				CLANG_WARN_ENUM_CONVERSION = YES;
				CLANG_WARN_INFINITE_RECURSION = YES;
				CLANG_WARN_INT_CONVERSION = YES;
				CLANG_WARN_NON_LITERAL_NULL_CONVERSION = YES;
				CLANG_WARN_OBJC_IMPLICIT_RETAIN_SELF = YES;
				CLANG_WARN_OBJC_LITERAL_CONVERSION = YES;
				CLANG_WARN_OBJC_ROOT_CLASS = YES_ERROR;
				CLANG_WARN_RANGE_LOOP_ANALYSIS = YES;
				CLANG_WARN_STRICT_PROTOTYPES = YES;
				CLANG_WARN_SUSPICIOUS_MOVE = YES;
				CLANG_WARN_UNGUARDED_AVAILABILITY = YES_AGGRESSIVE;
				CLANG_WARN_UNREACHABLE_CODE = YES;
				CLANG_WARN__DUPLICATE_METHOD_MATCH = YES;
				CODE_SIGN_IDENTITY = "iPhone Developer";
				COPY_PHASE_STRIP = NO;
				DEBUG_INFORMATION_FORMAT = "dwarf-with-dsym";
				ENABLE_NS_ASSERTIONS = NO;
				ENABLE_STRICT_OBJC_MSGSEND = YES;
				GCC_C_LANGUAGE_STANDARD = gnu11;
				GCC_NO_COMMON_BLOCKS = YES;
				GCC_WARN_64_TO_32_BIT_CONVERSION = YES;
				GCC_WARN_ABOUT_RETURN_TYPE = YES_ERROR;
				GCC_WARN_UNDECLARED_SELECTOR = YES;
				GCC_WARN_UNINITIALIZED_AUTOS = YES_AGGRESSIVE;
				GCC_WARN_UNUSED_FUNCTION = YES;
				GCC_WARN_UNUSED_VARIABLE = YES;
				IPHONEOS_DEPLOYMENT_TARGET = 11.4;
				MTL_ENABLE_DEBUG_INFO = NO;
				SDKROOT = iphoneos;
				SWIFT_COMPILATION_MODE = wholemodule;
				SWIFT_OPTIMIZATION_LEVEL = "-O";
				VALIDATE_PRODUCT = YES;
			};
			name = Release;
		};
		8F13BB80213D68D9009DB511 /* Debug */ = {
			isa = XCBuildConfiguration;
			buildSettings = {
				ASSETCATALOG_COMPILER_APPICON_NAME = AppIcon;
				CODE_SIGN_STYLE = Automatic;
				DEVELOPMENT_TEAM = PXWVL754BD;
				FRAMEWORK_SEARCH_PATHS = (
					"$(inherited)",
					"$(PROJECT_DIR)",
				);
				INFOPLIST_FILE = TestIasonmCocoapod2/Info.plist;
				LD_RUNPATH_SEARCH_PATHS = (
					"$(inherited)",
					"@executable_path/Frameworks",
				);
				PRODUCT_BUNDLE_IDENTIFIER = com.jason.TestIasonmCocoapod2;
				PRODUCT_NAME = "$(TARGET_NAME)";
				SWIFT_VERSION = 4.0;
				TARGETED_DEVICE_FAMILY = "1,2";
			};
			name = Debug;
		};
		8F13BB81213D68D9009DB511 /* Release */ = {
			isa = XCBuildConfiguration;
			buildSettings = {
				ASSETCATALOG_COMPILER_APPICON_NAME = AppIcon;
				CODE_SIGN_STYLE = Automatic;
				DEVELOPMENT_TEAM = PXWVL754BD;
				FRAMEWORK_SEARCH_PATHS = (
					"$(inherited)",
					"$(PROJECT_DIR)",
				);
				INFOPLIST_FILE = TestIasonmCocoapod2/Info.plist;
				LD_RUNPATH_SEARCH_PATHS = (
					"$(inherited)",
					"@executable_path/Frameworks",
				);
				PRODUCT_BUNDLE_IDENTIFIER = com.jason.TestIasonmCocoapod2;
				PRODUCT_NAME = "$(TARGET_NAME)";
				SWIFT_VERSION = 4.0;
				TARGETED_DEVICE_FAMILY = "1,2";
			};
			name = Release;
		};
/* End XCBuildConfiguration section */

/* Begin XCConfigurationList section */
		8F13BB68213D68D7009DB511 /* Build configuration list for PBXProject "TestIasonmCocoapod2" */ = {
			isa = XCConfigurationList;
			buildConfigurations = (
				8F13BB7D213D68D9009DB511 /* Debug */,
				8F13BB7E213D68D9009DB511 /* Release */,
			);
			defaultConfigurationIsVisible = 0;
			defaultConfigurationName = Release;
		};
		8F13BB7F213D68D9009DB511 /* Build configuration list for PBXNativeTarget "TestIasonmCocoapod2" */ = {
			isa = XCConfigurationList;
			buildConfigurations = (
				8F13BB80213D68D9009DB511 /* Debug */,
				8F13BB81213D68D9009DB511 /* Release */,
			);
			defaultConfigurationIsVisible = 0;
			defaultConfigurationName = Release;
		};
/* End XCConfigurationList section */
	};
	rootObject = 8F13BB65213D68D7009DB511 /* Project object */;
}
